{
  "version": 4,
  "terraform_version": "0.14.7",
  "serial": 3,
  "lineage": "10c02a42-edeb-6c66-5212-1b7cbf33a147",
  "outputs": {},
  "resources": [
    {
      "mode": "managed",
      "type": "google_container_cluster",
      "name": "jenkins-cd",
      "provider": "provider[\"registry.terraform.io/hashicorp/google\"]",
      "instances": [
        {
          "schema_version": 1,
          "attributes": {
            "addons_config": [
              {
                "cloudrun_config": [],
                "horizontal_pod_autoscaling": [],
                "http_load_balancing": [],
                "network_policy_config": [
                  {
                    "disabled": true
                  }
                ]
              }
            ],
            "authenticator_groups_config": [],
            "cluster_autoscaling": [
              {
                "auto_provisioning_defaults": [],
                "enabled": false,
                "resource_limits": []
              }
            ],
            "cluster_ipv4_cidr": "10.0.0.0/14",
            "database_encryption": [
              {
                "key_name": "",
                "state": "DECRYPTED"
              }
            ],
            "datapath_provider": "",
            "default_max_pods_per_node": null,
            "default_snat_status": [
              {
                "disabled": false
              }
            ],
            "description": "",
            "enable_binary_authorization": false,
            "enable_intranode_visibility": false,
            "enable_kubernetes_alpha": false,
            "enable_legacy_abac": false,
            "enable_shielded_nodes": false,
            "enable_tpu": false,
            "endpoint": "35.190.160.50",
            "id": "projects/development-292918/locations/us-east1/clusters/jenkins-cd",
            "initial_node_count": 1,
            "instance_group_urls": [],
            "ip_allocation_policy": [],
            "label_fingerprint": "a9dc16a7",
            "location": "us-east1",
            "logging_service": "logging.googleapis.com/kubernetes",
            "maintenance_policy": [],
            "master_auth": [
              {
                "client_certificate": "",
                "client_certificate_config": [
                  {
                    "issue_client_certificate": false
                  }
                ],
                "client_key": "",
                "cluster_ca_certificate": "LS0tLS1CRUdJTiBDRVJUSUZJQ0FURS0tLS0tCk1JSURLekNDQWhPZ0F3SUJBZ0lSQVBXNVVaZFlrbDIyS1VET21hSUlXOEF3RFFZSktvWklodmNOQVFFTEJRQXcKTHpFdE1Dc0dBMVVFQXhNa05HVXhNR1JtTWpZdE1qYzNPUzAwTmpnNExXSmhaREF0WldRNFlUTXhOekkyWlRKaQpNQjRYRFRJeE1ETXhNekV4TXpNek9Wb1hEVEkyTURNeE1qRXlNek16T1Zvd0x6RXRNQ3NHQTFVRUF4TWtOR1V4Ck1HUm1Nall0TWpjM09TMDBOamc0TFdKaFpEQXRaV1E0WVRNeE56STJaVEppTUlJQklqQU5CZ2txaGtpRzl3MEIKQVFFRkFBT0NBUThBTUlJQkNnS0NBUUVBMFR1S0NaVm81L0c1RzR3Mnh3V0FubHM2WGtMYnlzZ1F4eWJ3L0t5eQovWHRYRC92STZOWWZxaFUwNGxOaTdvbk44YmVhQnRrZkJSc0pqRHdCbFp4dWhrRzl2OEFYbjVpK3hzTStRZjhlCmFWdXRMYW1mald6OTlxdUpxT09SVW4wT0V2Rk5kbXVmd0ZnM2pVK0g3QTRuMUtFY0R3MWlBNzRsbktPSlpNSEEKM3JjWGEySHNyV1dKbXZpV0tMcXZ3Vnd2ZS9YUHpKakJ5QVFraGhZRXl4Q3VsbTdkbUsrNTdVU1lCQU5MZFNmNQp1S29hV1lvMnhaenFsQkt3M3NsdFdiYkV6cEFQU1pzRFFWSnZTM1VGMXdWK05nOE9TUHFaQXFqOVIxdkdiWjJqCmVZNnVWWVJLRlk1dEV0YmRBNHJEZUdZNHNLV3g3SW9EemlmSDhFTVROUzcvMHdJREFRQUJvMEl3UURBT0JnTlYKSFE4QkFmOEVCQU1DQWdRd0R3WURWUjBUQVFIL0JBVXdBd0VCL3pBZEJnTlZIUTRFRmdRVTdZYUpqdm4yaUVScwp5anlEa2xTTXM3RWVVTjR3RFFZSktvWklodmNOQVFFTEJRQURnZ0VCQUdsczdRcmw5ODBOcDBIYkpZYS9tZ2RyCmlBVDNMOTF6N0dlenhHSFhTNitGL3A0cUVJMG02S0hrTGNaTGRMR1RCa0xCRDk3VzdXNXFvMlVLUXNJOWprczMKczlkOHpPdjJ2NWhlNm13QldzdlE5RVRWNDNTRDNpSDMrVTVIVmhvYXZZbE9MRzAxOEJIWk1FT1BxUCsveWdoeQpuR05vRnpoUWtNS3BvcHc1R2ZPZUJmTXBISXF1M3BLWm5kK0VadWxvcmJDRnRackdRS1BEQnBMSStUOVlsV3VECjhQYytyUWZNU25pVXN5YWc5RXBudTdoNzNOSGdZVnJjUjJud21odlFnZjI1TlliSWVqejRoUlF3VzhvdGFVT0IKdzhkZy9VbFdUUmsxZXh3S3JBL2wxK1hoQ1JjMmE1SEFHQ01OVlZwbmxVL3VYbXJxRitGVHVqbDlTdVJPVkljPQotLS0tLUVORCBDRVJUSUZJQ0FURS0tLS0tCg==",
                "password": "",
                "username": ""
              }
            ],
            "master_authorized_networks_config": [],
            "master_version": "1.18.12-gke.1210",
            "min_master_version": null,
            "monitoring_service": "monitoring.googleapis.com/kubernetes",
            "name": "jenkins-cd",
            "network": "projects/development-292918/global/networks/default",
            "network_policy": [
              {
                "enabled": false,
                "provider": "PROVIDER_UNSPECIFIED"
              }
            ],
            "node_config": [],
            "node_locations": [
              "us-east1-b",
              "us-east1-c",
              "us-east1-d"
            ],
            "node_pool": [],
            "node_version": "1.18.12-gke.1210",
            "operation": null,
            "pod_security_policy_config": [],
            "private_cluster_config": [],
            "project": "development-292918",
            "release_channel": [
              {
                "channel": "REGULAR"
              }
            ],
            "remove_default_node_pool": true,
            "resource_labels": null,
            "resource_usage_export_config": [],
            "self_link": "https://container.googleapis.com/v1beta1/projects/development-292918/locations/us-east1/clusters/jenkins-cd",
            "services_ipv4_cidr": "10.3.240.0/20",
            "subnetwork": "projects/development-292918/regions/us-east1/subnetworks/default",
            "timeouts": null,
            "tpu_ipv4_cidr_block": "",
            "vertical_pod_autoscaling": [],
            "workload_identity_config": []
          },
          "sensitive_attributes": [],
          "private": "eyJlMmJmYjczMC1lY2FhLTExZTYtOGY4OC0zNDM2M2JjN2M0YzAiOnsiY3JlYXRlIjoyNDAwMDAwMDAwMDAwLCJkZWxldGUiOjI0MDAwMDAwMDAwMDAsInJlYWQiOjI0MDAwMDAwMDAwMDAsInVwZGF0ZSI6MzYwMDAwMDAwMDAwMH0sInNjaGVtYV92ZXJzaW9uIjoiMSJ9"
        }
      ]
    },
    {
      "mode": "managed",
      "type": "google_container_node_pool",
      "name": "jenkins_nodes",
      "provider": "provider[\"registry.terraform.io/hashicorp/google\"]",
      "instances": [
        {
          "schema_version": 1,
          "attributes": {
            "autoscaling": [],
            "cluster": "jenkins-cd",
            "id": "projects/development-292918/locations/us-east1/clusters/jenkins-cd/nodePools/jenkins-node-pool",
            "initial_node_count": 1,
            "instance_group_urls": [
              "https://www.googleapis.com/compute/v1/projects/development-292918/zones/us-east1-b/instanceGroupManagers/gke-jenkins-cd-jenkins-node-pool-ae0a0252-grp",
              "https://www.googleapis.com/compute/v1/projects/development-292918/zones/us-east1-c/instanceGroupManagers/gke-jenkins-cd-jenkins-node-pool-9ca99437-grp",
              "https://www.googleapis.com/compute/v1/projects/development-292918/zones/us-east1-d/instanceGroupManagers/gke-jenkins-cd-jenkins-node-pool-10d8182d-grp"
            ],
            "location": "us-east1",
            "management": [
              {
                "auto_repair": true,
                "auto_upgrade": true
              }
            ],
            "max_pods_per_node": null,
            "name": "jenkins-node-pool",
            "name_prefix": "",
            "node_config": [
              {
                "disk_size_gb": 100,
                "disk_type": "pd-standard",
                "guest_accelerator": [],
                "image_type": "COS",
                "labels": {},
                "local_ssd_count": 0,
                "machine_type": "n1-standard-1",
                "metadata": {
                  "disable-legacy-endpoints": "true"
                },
                "min_cpu_platform": "",
                "oauth_scopes": [
                  "https://www.googleapis.com/auth/cloud-platform"
                ],
                "preemptible": false,
                "service_account": "jenkins-sa@development-292918.iam.gserviceaccount.com",
                "shielded_instance_config": [
                  {
                    "enable_integrity_monitoring": true,
                    "enable_secure_boot": false
                  }
                ],
                "tags": null,
                "taint": [],
                "workload_metadata_config": []
              }
            ],
            "node_count": 1,
            "node_locations": [
              "us-east1-b",
              "us-east1-c",
              "us-east1-d"
            ],
            "operation": null,
            "project": "development-292918",
            "timeouts": null,
            "upgrade_settings": [
              {
                "max_surge": 1,
                "max_unavailable": 0
              }
            ],
            "version": "1.18.12-gke.1210"
          },
          "sensitive_attributes": [],
          "private": "eyJlMmJmYjczMC1lY2FhLTExZTYtOGY4OC0zNDM2M2JjN2M0YzAiOnsiY3JlYXRlIjoxODAwMDAwMDAwMDAwLCJkZWxldGUiOjE4MDAwMDAwMDAwMDAsInVwZGF0ZSI6MTgwMDAwMDAwMDAwMH0sInNjaGVtYV92ZXJzaW9uIjoiMSJ9",
          "dependencies": [
            "google_container_cluster.jenkins-cd"
          ]
        }
      ]
    }
  ]
}
